
Microsoft Visual Studio Solution File, Format Version 12.00
# Visual Studio Version 18
VisualStudioVersion = 18.1.11312.151
MinimumVisualStudioVersion = 10.0.40219.1
Project("{2150E333-8FDC-42A3-9474-1A3956D46DE8}") = "Solution Items", "Solution Items", "{8E9EF590-A82E-4686-9A70-3513FA24D3A8}"
	ProjectSection(SolutionItems) = preProject
		DotnetJenkinsTool.xml = DotnetJenkinsTool.xml
		jenkinsfile = jenkinsfile
		README.md = README.md
	EndProjectSection
EndProject
Project("{2150E333-8FDC-42A3-9474-1A3956D46DE8}") = "tests", "tests", "{612AD05B-98D8-46F8-BC9D-63988FE886B2}"
EndProject
Project("{9A19103F-16F7-4668-BE54-9A1E7A4F7556}") = "TestProject1", "tests\TestProject1\TestProject1.csproj", "{F19810D5-6CF4-4A86-9B53-E8A62F40D730}"
EndProject
Project("{FAE04EC0-301F-11D3-BF4B-00C04F79EFBC}") = "easyLNC.Server", "src\easyLNC.server\easyLNC.Server.csproj", "{F990E357-3BD9-7A6E-C789-908D3EDF50D6}"
EndProject
Project("{FAE04EC0-301F-11D3-BF4B-00C04F79EFBC}") = "easyLNC.Abstract", "src\easyLNC.Abstract\easyLNC.Abstract.csproj", "{EE0CDF0E-CBCC-A57F-DFFE-BA04071B64E0}"
EndProject
Project("{FAE04EC0-301F-11D3-BF4B-00C04F79EFBC}") = "easyLNC.Client.WinForm", "src\easyLNC.Client.WinForm\easyLNC.Client.WinForm.csproj", "{15E567B1-9AE0-40E2-A113-C9FCC4406444}"
EndProject
Project("{2150E333-8FDC-42A3-9474-1A3956D46DE8}") = "ScreenCapture", "ScreenCapture", "{1E739856-E3B9-4F32-80E2-A2FFA7598B01}"
EndProject
Project("{FAE04EC0-301F-11D3-BF4B-00C04F79EFBC}") = "easyLNC.ScreenCapture.WGC", "src\easyLNC.ScreenCapture.WGC\easyLNC.ScreenCapture.WGC.csproj", "{6179B65B-50B2-45B4-A809-08C09348BCF3}"
EndProject
Project("{FAE04EC0-301F-11D3-BF4B-00C04F79EFBC}") = "easyLNC.ScreenControl.WinV1", "src\easyLNC.ScreenControl.WindowsA\easyLNC.ScreenControl.WinV1.csproj", "{89081FCB-A628-41A3-A4F0-6D147553D364}"
EndProject
Project("{2150E333-8FDC-42A3-9474-1A3956D46DE8}") = "ScreenControl", "ScreenControl", "{515630DE-3E66-45A4-A06C-F7E6498DA7A0}"
EndProject
Project("{2150E333-8FDC-42A3-9474-1A3956D46DE8}") = "Helpers", "Helpers", "{35F12426-E332-47A2-B4A4-4453191FDA6A}"
EndProject
Project("{FAE04EC0-301F-11D3-BF4B-00C04F79EFBC}") = "easyLNC.Helper.Direct3D11", "src\easyLNC.Helper.Direct3D11\easyLNC.Helper.Direct3D11.csproj", "{7A6EC3B3-B2A9-4C44-BA48-1CB394A46F2A}"
EndProject
Project("{2150E333-8FDC-42A3-9474-1A3956D46DE8}") = "ScreenStream", "ScreenStream", "{FEF55CB7-38B3-4910-99AD-093974D88AEA}"
EndProject
Project("{2150E333-8FDC-42A3-9474-1A3956D46DE8}") = "samples", "samples", "{BA4BEA45-E750-4FE9-9BC2-8E82EEE81A82}"
EndProject
Project("{FAE04EC0-301F-11D3-BF4B-00C04F79EFBC}") = "OmtViewer", "src\OmtViewer\OmtViewer.csproj", "{7D4D3C3C-0F4C-49B5-BA02-59840A5EE91A}"
EndProject
Project("{2150E333-8FDC-42A3-9474-1A3956D46DE8}") = "Screen", "Screen", "{3D6FC5ED-B9B7-46FE-AB08-E21CD27445CE}"
EndProject
Project("{FAE04EC0-301F-11D3-BF4B-00C04F79EFBC}") = "easyLNC.Screen.InfoHandler", "src\easyLNC.Screen.InfoHandler\easyLNC.Screen.InfoHandler.csproj", "{F88D87F4-24F9-4AD6-9CB7-C2A7FF26BC7F}"
EndProject
Project("{2150E333-8FDC-42A3-9474-1A3956D46DE8}") = "Common", "Common", "{DF9C35E9-E1FA-4664-9EFA-38CF0F48A14D}"
EndProject
Project("{FAE04EC0-301F-11D3-BF4B-00C04F79EFBC}") = "acquleo.Base", "src\acquleo.Base\acquleo.Base.csproj", "{B4585224-ABD1-6FA9-CF6B-117B6EF3CAA0}"
EndProject
Project("{FAE04EC0-301F-11D3-BF4B-00C04F79EFBC}") = "acquleo.Protocol", "src\acquleo.Protocol\acquleo.Protocol.csproj", "{EC947111-E020-FBBA-4992-A4A56DB47A58}"
EndProject
Project("{FAE04EC0-301F-11D3-BF4B-00C04F79EFBC}") = "acquleo.DataBroker.MQTT", "src\acquleo.DataBroker.MQTT\acquleo.DataBroker.MQTT.csproj", "{E8AF8ED5-995B-2449-DB9E-247ECFA57AC2}"
EndProject
Project("{FAE04EC0-301F-11D3-BF4B-00C04F79EFBC}") = "easyLNC.ScreenStream.OMT", "src\easyLNC.ScreenStream.OMT\easyLNC.ScreenStream.OMT.csproj", "{C2AB0274-1CDD-87CE-AD4C-81E24C4E336B}"
EndProject
Project("{FAE04EC0-301F-11D3-BF4B-00C04F79EFBC}") = "easyLNC.Core", "src\easyLNC.Core\easyLNC.Core.csproj", "{90E875F2-1634-4027-B647-F156D587116A}"
EndProject
Project("{2150E333-8FDC-42A3-9474-1A3956D46DE8}") = "ServerTransport", "ServerTransport", "{CB50EC66-98D4-4E6C-8436-CA620AF0FA9A}"
EndProject
Project("{FAE04EC0-301F-11D3-BF4B-00C04F79EFBC}") = "libomtnet", "..\libomtnet\libomtnet.csproj", "{38C9BCBF-ADC1-831B-5573-3F4ED8610447}"
EndProject
Project("{FAE04EC0-301F-11D3-BF4B-00C04F79EFBC}") = "easyLNC.ServerTransport.TcpIp", "src\easyLNC.ServerTransport.TcpIp\easyLNC.ServerTransport.TcpIp.csproj", "{4F28E03E-7B35-461E-AA33-A2E8076FEACA}"
EndProject
Project("{FAE04EC0-301F-11D3-BF4B-00C04F79EFBC}") = "easyLNC.ScreenCapture.Duplication", "src\easyLNC.ScreenCapture.Duplication\easyLNC.ScreenCapture.Duplication.csproj", "{7EE252E8-4820-4A27-8A53-9D61435F8A53}"
EndProject
Global
	GlobalSection(SolutionConfigurationPlatforms) = preSolution
		Debug|Any CPU = Debug|Any CPU
		Release|Any CPU = Release|Any CPU
	EndGlobalSection
	GlobalSection(ProjectConfigurationPlatforms) = postSolution
		{F19810D5-6CF4-4A86-9B53-E8A62F40D730}.Debug|Any CPU.ActiveCfg = Debug|Any CPU
		{F19810D5-6CF4-4A86-9B53-E8A62F40D730}.Debug|Any CPU.Build.0 = Debug|Any CPU
		{F19810D5-6CF4-4A86-9B53-E8A62F40D730}.Release|Any CPU.ActiveCfg = Release|Any CPU
		{F19810D5-6CF4-4A86-9B53-E8A62F40D730}.Release|Any CPU.Build.0 = Release|Any CPU
		{F990E357-3BD9-7A6E-C789-908D3EDF50D6}.Debug|Any CPU.ActiveCfg = Debug|Any CPU
		{F990E357-3BD9-7A6E-C789-908D3EDF50D6}.Debug|Any CPU.Build.0 = Debug|Any CPU
		{F990E357-3BD9-7A6E-C789-908D3EDF50D6}.Release|Any CPU.ActiveCfg = Release|Any CPU
		{F990E357-3BD9-7A6E-C789-908D3EDF50D6}.Release|Any CPU.Build.0 = Release|Any CPU
		{EE0CDF0E-CBCC-A57F-DFFE-BA04071B64E0}.Debug|Any CPU.ActiveCfg = Debug|Any CPU
		{EE0CDF0E-CBCC-A57F-DFFE-BA04071B64E0}.Debug|Any CPU.Build.0 = Debug|Any CPU
		{EE0CDF0E-CBCC-A57F-DFFE-BA04071B64E0}.Release|Any CPU.ActiveCfg = Release|Any CPU
		{EE0CDF0E-CBCC-A57F-DFFE-BA04071B64E0}.Release|Any CPU.Build.0 = Release|Any CPU
		{15E567B1-9AE0-40E2-A113-C9FCC4406444}.Debug|Any CPU.ActiveCfg = Debug|Any CPU
		{15E567B1-9AE0-40E2-A113-C9FCC4406444}.Debug|Any CPU.Build.0 = Debug|Any CPU
		{15E567B1-9AE0-40E2-A113-C9FCC4406444}.Release|Any CPU.ActiveCfg = Release|Any CPU
		{15E567B1-9AE0-40E2-A113-C9FCC4406444}.Release|Any CPU.Build.0 = Release|Any CPU
		{6179B65B-50B2-45B4-A809-08C09348BCF3}.Debug|Any CPU.ActiveCfg = Debug|Any CPU
		{6179B65B-50B2-45B4-A809-08C09348BCF3}.Debug|Any CPU.Build.0 = Debug|Any CPU
		{6179B65B-50B2-45B4-A809-08C09348BCF3}.Release|Any CPU.ActiveCfg = Release|Any CPU
		{6179B65B-50B2-45B4-A809-08C09348BCF3}.Release|Any CPU.Build.0 = Release|Any CPU
		{89081FCB-A628-41A3-A4F0-6D147553D364}.Debug|Any CPU.ActiveCfg = Debug|Any CPU
		{89081FCB-A628-41A3-A4F0-6D147553D364}.Debug|Any CPU.Build.0 = Debug|Any CPU
		{89081FCB-A628-41A3-A4F0-6D147553D364}.Release|Any CPU.ActiveCfg = Release|Any CPU
		{89081FCB-A628-41A3-A4F0-6D147553D364}.Release|Any CPU.Build.0 = Release|Any CPU
		{7A6EC3B3-B2A9-4C44-BA48-1CB394A46F2A}.Debug|Any CPU.ActiveCfg = Debug|Any CPU
		{7A6EC3B3-B2A9-4C44-BA48-1CB394A46F2A}.Debug|Any CPU.Build.0 = Debug|Any CPU
		{7A6EC3B3-B2A9-4C44-BA48-1CB394A46F2A}.Release|Any CPU.ActiveCfg = Release|Any CPU
		{7A6EC3B3-B2A9-4C44-BA48-1CB394A46F2A}.Release|Any CPU.Build.0 = Release|Any CPU
		{7D4D3C3C-0F4C-49B5-BA02-59840A5EE91A}.Debug|Any CPU.ActiveCfg = Debug|Any CPU
		{7D4D3C3C-0F4C-49B5-BA02-59840A5EE91A}.Debug|Any CPU.Build.0 = Debug|Any CPU
		{7D4D3C3C-0F4C-49B5-BA02-59840A5EE91A}.Release|Any CPU.ActiveCfg = Release|Any CPU
		{7D4D3C3C-0F4C-49B5-BA02-59840A5EE91A}.Release|Any CPU.Build.0 = Release|Any CPU
		{F88D87F4-24F9-4AD6-9CB7-C2A7FF26BC7F}.Debug|Any CPU.ActiveCfg = Debug|Any CPU
		{F88D87F4-24F9-4AD6-9CB7-C2A7FF26BC7F}.Debug|Any CPU.Build.0 = Debug|Any CPU
		{F88D87F4-24F9-4AD6-9CB7-C2A7FF26BC7F}.Release|Any CPU.ActiveCfg = Release|Any CPU
		{F88D87F4-24F9-4AD6-9CB7-C2A7FF26BC7F}.Release|Any CPU.Build.0 = Release|Any CPU
		{B4585224-ABD1-6FA9-CF6B-117B6EF3CAA0}.Debug|Any CPU.ActiveCfg = Debug|Any CPU
		{B4585224-ABD1-6FA9-CF6B-117B6EF3CAA0}.Debug|Any CPU.Build.0 = Debug|Any CPU
		{B4585224-ABD1-6FA9-CF6B-117B6EF3CAA0}.Release|Any CPU.ActiveCfg = Release|Any CPU
		{B4585224-ABD1-6FA9-CF6B-117B6EF3CAA0}.Release|Any CPU.Build.0 = Release|Any CPU
		{EC947111-E020-FBBA-4992-A4A56DB47A58}.Debug|Any CPU.ActiveCfg = Debug|Any CPU
		{EC947111-E020-FBBA-4992-A4A56DB47A58}.Debug|Any CPU.Build.0 = Debug|Any CPU
		{EC947111-E020-FBBA-4992-A4A56DB47A58}.Release|Any CPU.ActiveCfg = Release|Any CPU
		{EC947111-E020-FBBA-4992-A4A56DB47A58}.Release|Any CPU.Build.0 = Release|Any CPU
		{E8AF8ED5-995B-2449-DB9E-247ECFA57AC2}.Debug|Any CPU.ActiveCfg = Debug|Any CPU
		{E8AF8ED5-995B-2449-DB9E-247ECFA57AC2}.Debug|Any CPU.Build.0 = Debug|Any CPU
		{E8AF8ED5-995B-2449-DB9E-247ECFA57AC2}.Release|Any CPU.ActiveCfg = Release|Any CPU
		{E8AF8ED5-995B-2449-DB9E-247ECFA57AC2}.Release|Any CPU.Build.0 = Release|Any CPU
		{C2AB0274-1CDD-87CE-AD4C-81E24C4E336B}.Debug|Any CPU.ActiveCfg = Debug|Any CPU
		{C2AB0274-1CDD-87CE-AD4C-81E24C4E336B}.Debug|Any CPU.Build.0 = Debug|Any CPU
		{C2AB0274-1CDD-87CE-AD4C-81E24C4E336B}.Release|Any CPU.ActiveCfg = Release|Any CPU
		{C2AB0274-1CDD-87CE-AD4C-81E24C4E336B}.Release|Any CPU.Build.0 = Release|Any CPU
		{90E875F2-1634-4027-B647-F156D587116A}.Debug|Any CPU.ActiveCfg = Debug|Any CPU
		{90E875F2-1634-4027-B647-F156D587116A}.Debug|Any CPU.Build.0 = Debug|Any CPU
		{90E875F2-1634-4027-B647-F156D587116A}.Release|Any CPU.ActiveCfg = Release|Any CPU
		{90E875F2-1634-4027-B647-F156D587116A}.Release|Any CPU.Build.0 = Release|Any CPU
		{38C9BCBF-ADC1-831B-5573-3F4ED8610447}.Debug|Any CPU.ActiveCfg = Debug|Any CPU
		{38C9BCBF-ADC1-831B-5573-3F4ED8610447}.Debug|Any CPU.Build.0 = Debug|Any CPU
		{38C9BCBF-ADC1-831B-5573-3F4ED8610447}.Release|Any CPU.ActiveCfg = Release|Any CPU
		{38C9BCBF-ADC1-831B-5573-3F4ED8610447}.Release|Any CPU.Build.0 = Release|Any CPU
		{4F28E03E-7B35-461E-AA33-A2E8076FEACA}.Debug|Any CPU.ActiveCfg = Debug|Any CPU
		{4F28E03E-7B35-461E-AA33-A2E8076FEACA}.Debug|Any CPU.Build.0 = Debug|Any CPU
		{4F28E03E-7B35-461E-AA33-A2E8076FEACA}.Release|Any CPU.ActiveCfg = Release|Any CPU
		{4F28E03E-7B35-461E-AA33-A2E8076FEACA}.Release|Any CPU.Build.0 = Release|Any CPU
		{7EE252E8-4820-4A27-8A53-9D61435F8A53}.Debug|Any CPU.ActiveCfg = Debug|Any CPU
		{7EE252E8-4820-4A27-8A53-9D61435F8A53}.Debug|Any CPU.Build.0 = Debug|Any CPU
		{7EE252E8-4820-4A27-8A53-9D61435F8A53}.Release|Any CPU.ActiveCfg = Release|Any CPU
		{7EE252E8-4820-4A27-8A53-9D61435F8A53}.Release|Any CPU.Build.0 = Release|Any CPU
	EndGlobalSection
	GlobalSection(SolutionProperties) = preSolution
		HideSolutionNode = FALSE
	EndGlobalSection
	GlobalSection(NestedProjects) = preSolution
		{F19810D5-6CF4-4A86-9B53-E8A62F40D730} = {612AD05B-98D8-46F8-BC9D-63988FE886B2}
		{6179B65B-50B2-45B4-A809-08C09348BCF3} = {1E739856-E3B9-4F32-80E2-A2FFA7598B01}
		{89081FCB-A628-41A3-A4F0-6D147553D364} = {515630DE-3E66-45A4-A06C-F7E6498DA7A0}
		{7A6EC3B3-B2A9-4C44-BA48-1CB394A46F2A} = {35F12426-E332-47A2-B4A4-4453191FDA6A}
		{7D4D3C3C-0F4C-49B5-BA02-59840A5EE91A} = {BA4BEA45-E750-4FE9-9BC2-8E82EEE81A82}
		{F88D87F4-24F9-4AD6-9CB7-C2A7FF26BC7F} = {3D6FC5ED-B9B7-46FE-AB08-E21CD27445CE}
		{B4585224-ABD1-6FA9-CF6B-117B6EF3CAA0} = {DF9C35E9-E1FA-4664-9EFA-38CF0F48A14D}
		{EC947111-E020-FBBA-4992-A4A56DB47A58} = {DF9C35E9-E1FA-4664-9EFA-38CF0F48A14D}
		{E8AF8ED5-995B-2449-DB9E-247ECFA57AC2} = {DF9C35E9-E1FA-4664-9EFA-38CF0F48A14D}
		{C2AB0274-1CDD-87CE-AD4C-81E24C4E336B} = {FEF55CB7-38B3-4910-99AD-093974D88AEA}
		{38C9BCBF-ADC1-831B-5573-3F4ED8610447} = {35F12426-E332-47A2-B4A4-4453191FDA6A}
		{4F28E03E-7B35-461E-AA33-A2E8076FEACA} = {CB50EC66-98D4-4E6C-8436-CA620AF0FA9A}
		{7EE252E8-4820-4A27-8A53-9D61435F8A53} = {1E739856-E3B9-4F32-80E2-A2FFA7598B01}
	EndGlobalSection
	GlobalSection(ExtensibilityGlobals) = postSolution
		SolutionGuid = {A0754AB0-078F-44C4-97AB-7ACE3B4A2722}
	EndGlobalSection
EndGlobal
